# This file is automatically @generated by Cargo.
# It is not intended for manual editing.
version = 4

[[package]]
name = "flaky"
version = "0.1.0"
dependencies = [
 "k1k-rt",
]

[[package]]
name = "hello"
version = "0.1.0"
dependencies = [
 "k1k-rt",
]

[[package]]
name = "k1k-rt"
version = "0.1.0"

[[package]]
name = "kbd"
version = "0.1.0"
dependencies = [
 "k1k-rt",
]

[[package]]
name = "ping"
version = "0.1.0"
dependencies = [
 "k1k-rt",
]

[[package]]
name = "pong"
version = "0.1.0"
dependencies = [
 "k1k-rt",
]
